
Microsoft Visual Studio Solution File, Format Version 12.00
# Visual Studio Version 17
VisualStudioVersion = 17.8.34902.127
MinimumVisualStudioVersion = 10.0.40219.1
Project("{9A19103F-16F7-4668-BE54-9A1E7A4F7556}") = "FluentPipelines", "FluentPipelines\FluentPipelines.csproj", "{F608E088-CE49-48EF-9AEC-4840E7832377}"
EndProject
Global
	GlobalSection(SolutionConfigurationPlatforms) = preSolution
		Debug|Any CPU = Debug|Any CPU
		Release|Any CPU = Release|Any CPU
	EndGlobalSection
	GlobalSection(ProjectConfigurationPlatforms) = postSolution
		{F608E088-CE49-48EF-9AEC-4840E7832377}.Debug|Any CPU.ActiveCfg = Debug|Any CPU
		{F608E088-CE49-48EF-9AEC-4840E7832377}.Debug|Any CPU.Build.0 = Debug|Any CPU
		{F608E088-CE49-48EF-9AEC-4840E7832377}.Release|Any CPU.ActiveCfg = Release|Any CPU
		{F608E088-CE49-48EF-9AEC-4840E7832377}.Release|Any CPU.Build.0 = Release|Any CPU
	EndGlobalSection
	GlobalSection(SolutionProperties) = preSolution
		HideSolutionNode = FALSE
	EndGlobalSection
	GlobalSection(ExtensibilityGlobals) = postSolution
		SolutionGuid = {8242ADAD-237D-49EC-BF33-BCD0F7DABA06}
	EndGlobalSection
EndGlobal
